// !$*UTF8*$!
{
	archiveVersion = 1;
	classes = {
	};
	objectVersion = 46;
	objects = {

/* Begin PBXBuildFile section */
		1829FBD11D260CCA0007A6F7 /* Assets.xcassets in Resources */ = {isa = PBXBuildFile; fileRef = 1829FBD01D260CCA0007A6F7 /* Assets.xcassets */; };
		1829FBDF1D260CCA0007A6F7 /* SLCDOORTests.swift in Sources */ = {isa = PBXBuildFile; fileRef = 1829FBDE1D260CCA0007A6F7 /* SLCDOORTests.swift */; };
		1829FBEA1D260CCA0007A6F7 /* SLCDOORUITests.swift in Sources */ = {isa = PBXBuildFile; fileRef = 1829FBE91D260CCA0007A6F7 /* SLCDOORUITests.swift */; };
		1829FC241D260D610007A6F7 /* SLCBluetoothViewController.swift in Sources */ = {isa = PBXBuildFile; fileRef = 1829FBFB1D260D610007A6F7 /* SLCBluetoothViewController.swift */; };
		1829FC251D260D610007A6F7 /* SLCKeys.swift in Sources */ = {isa = PBXBuildFile; fileRef = 1829FBFD1D260D610007A6F7 /* SLCKeys.swift */; };
		1829FC261D260D610007A6F7 /* SLCFirstViewController.swift in Sources */ = {isa = PBXBuildFile; fileRef = 1829FC001D260D610007A6F7 /* SLCFirstViewController.swift */; };
		1829FC271D260D610007A6F7 /* SLCHistoryViewController.swift in Sources */ = {isa = PBXBuildFile; fileRef = 1829FC021D260D610007A6F7 /* SLCHistoryViewController.swift */; };
		1829FC281D260D610007A6F7 /* SLCHomeViewController.swift in Sources */ = {isa = PBXBuildFile; fileRef = 1829FC041D260D610007A6F7 /* SLCHomeViewController.swift */; };
		1829FC291D260D610007A6F7 /* SLCQRViewController.swift in Sources */ = {isa = PBXBuildFile; fileRef = 1829FC051D260D610007A6F7 /* SLCQRViewController.swift */; };
		1829FC2A1D260D610007A6F7 /* SLCKeyBoardViewController.swift in Sources */ = {isa = PBXBuildFile; fileRef = 1829FC071D260D610007A6F7 /* SLCKeyBoardViewController.swift */; };
		1829FC2B1D260D610007A6F7 /* SLCKeyManagerViewController.swift in Sources */ = {isa = PBXBuildFile; fileRef = 1829FC081D260D610007A6F7 /* SLCKeyManagerViewController.swift */; };
		1829FC2C1D260D610007A6F7 /* SLCSecondViewController.swift in Sources */ = {isa = PBXBuildFile; fileRef = 1829FC0A1D260D610007A6F7 /* SLCSecondViewController.swift */; };
		1829FC2D1D260D610007A6F7 /* SLCBaseViewController.swift in Sources */ = {isa = PBXBuildFile; fileRef = 1829FC0D1D260D610007A6F7 /* SLCBaseViewController.swift */; };
		1829FC2E1D260D610007A6F7 /* SLCSetViewController.swift in Sources */ = {isa = PBXBuildFile; fileRef = 1829FC0E1D260D610007A6F7 /* SLCSetViewController.swift */; };
		1829FC2F1D260D610007A6F7 /* SLCSettingArrowItem.swift in Sources */ = {isa = PBXBuildFile; fileRef = 1829FC101D260D610007A6F7 /* SLCSettingArrowItem.swift */; };
		1829FC301D260D610007A6F7 /* SLCSettingCell.swift in Sources */ = {isa = PBXBuildFile; fileRef = 1829FC111D260D610007A6F7 /* SLCSettingCell.swift */; };
		1829FC311D260D610007A6F7 /* SLCSettingGroup.swift in Sources */ = {isa = PBXBuildFile; fileRef = 1829FC121D260D610007A6F7 /* SLCSettingGroup.swift */; };
		1829FC321D260D610007A6F7 /* SLCSettingItem.swift in Sources */ = {isa = PBXBuildFile; fileRef = 1829FC131D260D610007A6F7 /* SLCSettingItem.swift */; };
		1829FC331D260D610007A6F7 /* SLCSettingLabelItem.swift in Sources */ = {isa = PBXBuildFile; fileRef = 1829FC141D260D610007A6F7 /* SLCSettingLabelItem.swift */; };
		1829FC341D260D610007A6F7 /* SLCSettingSwitchItem.swift in Sources */ = {isa = PBXBuildFile; fileRef = 1829FC151D260D610007A6F7 /* SLCSettingSwitchItem.swift */; };
		1829FC351D260D610007A6F7 /* AppDelegate.swift in Sources */ = {isa = PBXBuildFile; fileRef = 1829FC171D260D610007A6F7 /* AppDelegate.swift */; };
		1829FC361D260D610007A6F7 /* BluetoothManager.swift in Sources */ = {isa = PBXBuildFile; fileRef = 1829FC181D260D610007A6F7 /* BluetoothManager.swift */; };
		1829FC371D260D610007A6F7 /* Common.swift in Sources */ = {isa = PBXBuildFile; fileRef = 1829FC191D260D610007A6F7 /* Common.swift */; };
		1829FC381D260D610007A6F7 /* SLCNavigationController.swift in Sources */ = {isa = PBXBuildFile; fileRef = 1829FC1B1D260D610007A6F7 /* SLCNavigationController.swift */; };
		1829FC391D260D610007A6F7 /* SLCPassWordViewController.swift in Sources */ = {isa = PBXBuildFile; fileRef = 1829FC1C1D260D610007A6F7 /* SLCPassWordViewController.swift */; };
		1829FC3A1D260D610007A6F7 /* SLCPassWordViewController.xib in Resources */ = {isa = PBXBuildFile; fileRef = 1829FC1D1D260D610007A6F7 /* SLCPassWordViewController.xib */; };
		1829FC3B1D260D610007A6F7 /* R.generated.swift in Sources */ = {isa = PBXBuildFile; fileRef = 1829FC1F1D260D610007A6F7 /* R.generated.swift */; };
		1829FC3C1D260D610007A6F7 /* SLCButton.swift in Sources */ = {isa = PBXBuildFile; fileRef = 1829FC211D260D610007A6F7 /* SLCButton.swift */; };
		1829FC3D1D260D610007A6F7 /* UIButton+Category.swift in Sources */ = {isa = PBXBuildFile; fileRef = 1829FC221D260D610007A6F7 /* UIButton+Category.swift */; };
		1829FC3E1D260D610007A6F7 /* UIView+AutoLayout.swift in Sources */ = {isa = PBXBuildFile; fileRef = 1829FC231D260D610007A6F7 /* UIView+AutoLayout.swift */; };
		1829FC411D2610F00007A6F7 /* RefreshView.xib in Resources */ = {isa = PBXBuildFile; fileRef = 1829FC3F1D2610F00007A6F7 /* RefreshView.xib */; };
		1829FC421D2610F00007A6F7 /* RefreshView.swift in Sources */ = {isa = PBXBuildFile; fileRef = 1829FC401D2610F00007A6F7 /* RefreshView.swift */; };
		18456FA3AF38F1B78B4814AD /* Pods_SLCDOOR.framework in Frameworks */ = {isa = PBXBuildFile; fileRef = 4E16A1449AD18A7A682AE156 /* Pods_SLCDOOR.framework */; };
/* End PBXBuildFile section */

/* Begin PBXContainerItemProxy section */
		1829FBDB1D260CCA0007A6F7 /* PBXContainerItemProxy */ = {
			isa = PBXContainerItemProxy;
			containerPortal = 1829FBBE1D260CCA0007A6F7 /* Project object */;
			proxyType = 1;
			remoteGlobalIDString = 1829FBC51D260CCA0007A6F7;
			remoteInfo = SLCDOOR;
		};
		1829FBE61D260CCA0007A6F7 /* PBXContainerItemProxy */ = {
			isa = PBXContainerItemProxy;
			containerPortal = 1829FBBE1D260CCA0007A6F7 /* Project object */;
			proxyType = 1;
			remoteGlobalIDString = 1829FBC51D260CCA0007A6F7;
			remoteInfo = SLCDOOR;
		};
/* End PBXContainerItemProxy section */

/* Begin PBXFileReference section */
		1829FBC61D260CCA0007A6F7 /* SLCDOOR.app */ = {isa = PBXFileReference; explicitFileType = wrapper.application; includeInIndex = 0; path = SLCDOOR.app; sourceTree = BUILT_PRODUCTS_DIR; };
		1829FBD01D260CCA0007A6F7 /* Assets.xcassets */ = {isa = PBXFileReference; lastKnownFileType = folder.assetcatalog; name = Assets.xcassets; path = ../SLCDOOR/Assets.xcassets; sourceTree = "<group>"; };
		1829FBD51D260CCA0007A6F7 /* Info.plist */ = {isa = PBXFileReference; lastKnownFileType = text.plist.xml; path = Info.plist; sourceTree = "<group>"; };
		1829FBDA1D260CCA0007A6F7 /* SLCDOORTests.xctest */ = {isa = PBXFileReference; explicitFileType = wrapper.cfbundle; includeInIndex = 0; path = SLCDOORTests.xctest; sourceTree = BUILT_PRODUCTS_DIR; };
		1829FBDE1D260CCA0007A6F7 /* SLCDOORTests.swift */ = {isa = PBXFileReference; lastKnownFileType = sourcecode.swift; path = SLCDOORTests.swift; sourceTree = "<group>"; };
		1829FBE01D260CCA0007A6F7 /* Info.plist */ = {isa = PBXFileReference; lastKnownFileType = text.plist.xml; path = Info.plist; sourceTree = "<group>"; };
		1829FBE51D260CCA0007A6F7 /* SLCDOORUITests.xctest */ = {isa = PBXFileReference; explicitFileType = wrapper.cfbundle; includeInIndex = 0; path = SLCDOORUITests.xctest; sourceTree = BUILT_PRODUCTS_DIR; };
		1829FBE91D260CCA0007A6F7 /* SLCDOORUITests.swift */ = {isa = PBXFileReference; lastKnownFileType = sourcecode.swift; path = SLCDOORUITests.swift; sourceTree = "<group>"; };
		1829FBEB1D260CCA0007A6F7 /* Info.plist */ = {isa = PBXFileReference; lastKnownFileType = text.plist.xml; path = Info.plist; sourceTree = "<group>"; };
		1829FBFB1D260D610007A6F7 /* SLCBluetoothViewController.swift */ = {isa = PBXFileReference; fileEncoding = 4; lastKnownFileType = sourcecode.swift; path = SLCBluetoothViewController.swift; sourceTree = "<group>"; };
		1829FBFD1D260D610007A6F7 /* SLCKeys.swift */ = {isa = PBXFileReference; fileEncoding = 4; lastKnownFileType = sourcecode.swift; path = SLCKeys.swift; sourceTree = "<group>"; };
		1829FC001D260D610007A6F7 /* SLCFirstViewController.swift */ = {isa = PBXFileReference; fileEncoding = 4; lastKnownFileType = sourcecode.swift; path = SLCFirstViewController.swift; sourceTree = "<group>"; };
		1829FC021D260D610007A6F7 /* SLCHistoryViewController.swift */ = {isa = PBXFileReference; fileEncoding = 4; lastKnownFileType = sourcecode.swift; path = SLCHistoryViewController.swift; sourceTree = "<group>"; };
		1829FC041D260D610007A6F7 /* SLCHomeViewController.swift */ = {isa = PBXFileReference; fileEncoding = 4; lastKnownFileType = sourcecode.swift; path = SLCHomeViewController.swift; sourceTree = "<group>"; };
		1829FC051D260D610007A6F7 /* SLCQRViewController.swift */ = {isa = PBXFileReference; fileEncoding = 4; lastKnownFileType = sourcecode.swift; path = SLCQRViewController.swift; sourceTree = "<group>"; };
		1829FC071D260D610007A6F7 /* SLCKeyBoardViewController.swift */ = {isa = PBXFileReference; fileEncoding = 4; lastKnownFileType = sourcecode.swift; path = SLCKeyBoardViewController.swift; sourceTree = "<group>"; };
		1829FC081D260D610007A6F7 /* SLCKeyManagerViewController.swift */ = {isa = PBXFileReference; fileEncoding = 4; lastKnownFileType = sourcecode.swift; path = SLCKeyManagerViewController.swift; sourceTree = "<group>"; };
		1829FC0A1D260D610007A6F7 /* SLCSecondViewController.swift */ = {isa = PBXFileReference; fileEncoding = 4; lastKnownFileType = sourcecode.swift; path = SLCSecondViewController.swift; sourceTree = "<group>"; };
		1829FC0D1D260D610007A6F7 /* SLCBaseViewController.swift */ = {isa = PBXFileReference; fileEncoding = 4; lastKnownFileType = sourcecode.swift; path = SLCBaseViewController.swift; sourceTree = "<group>"; };
		1829FC0E1D260D610007A6F7 /* SLCSetViewController.swift */ = {isa = PBXFileReference; fileEncoding = 4; lastKnownFileType = sourcecode.swift; path = SLCSetViewController.swift; sourceTree = "<group>"; };
		1829FC101D260D610007A6F7 /* SLCSettingArrowItem.swift */ = {isa = PBXFileReference; fileEncoding = 4; lastKnownFileType = sourcecode.swift; path = SLCSettingArrowItem.swift; sourceTree = "<group>"; };
		1829FC111D260D610007A6F7 /* SLCSettingCell.swift */ = {isa = PBXFileReference; fileEncoding = 4; lastKnownFileType = sourcecode.swift; path = SLCSettingCell.swift; sourceTree = "<group>"; };
		1829FC121D260D610007A6F7 /* SLCSettingGroup.swift */ = {isa = PBXFileReference; fileEncoding = 4; lastKnownFileType = sourcecode.swift; path = SLCSettingGroup.swift; sourceTree = "<group>"; };
		1829FC131D260D610007A6F7 /* SLCSettingItem.swift */ = {isa = PBXFileReference; fileEncoding = 4; lastKnownFileType = sourcecode.swift; path = SLCSettingItem.swift; sourceTree = "<group>"; };
		1829FC141D260D610007A6F7 /* SLCSettingLabelItem.swift */ = {isa = PBXFileReference; fileEncoding = 4; lastKnownFileType = sourcecode.swift; path = SLCSettingLabelItem.swift; sourceTree = "<group>"; };
		1829FC151D260D610007A6F7 /* SLCSettingSwitchItem.swift */ = {isa = PBXFileReference; fileEncoding = 4; lastKnownFileType = sourcecode.swift; path = SLCSettingSwitchItem.swift; sourceTree = "<group>"; };
		1829FC171D260D610007A6F7 /* AppDelegate.swift */ = {isa = PBXFileReference; fileEncoding = 4; lastKnownFileType = sourcecode.swift; path = AppDelegate.swift; sourceTree = "<group>"; };
		1829FC181D260D610007A6F7 /* BluetoothManager.swift */ = {isa = PBXFileReference; fileEncoding = 4; lastKnownFileType = sourcecode.swift; name = BluetoothManager.swift; path = ../BluetoothManager.swift; sourceTree = "<group>"; };
		1829FC191D260D610007A6F7 /* Common.swift */ = {isa = PBXFileReference; fileEncoding = 4; lastKnownFileType = sourcecode.swift; path = Common.swift; sourceTree = "<group>"; };
		1829FC1B1D260D610007A6F7 /* SLCNavigationController.swift */ = {isa = PBXFileReference; fileEncoding = 4; lastKnownFileType = sourcecode.swift; path = SLCNavigationController.swift; sourceTree = "<group>"; };
		1829FC1C1D260D610007A6F7 /* SLCPassWordViewController.swift */ = {isa = PBXFileReference; fileEncoding = 4; lastKnownFileType = sourcecode.swift; path = SLCPassWordViewController.swift; sourceTree = "<group>"; };
		1829FC1D1D260D610007A6F7 /* SLCPassWordViewController.xib */ = {isa = PBXFileReference; fileEncoding = 4; lastKnownFileType = file.xib; path = SLCPassWordViewController.xib; sourceTree = "<group>"; };
		1829FC1E1D260D610007A6F7 /* PrefixHeader.pch */ = {isa = PBXFileReference; fileEncoding = 4; lastKnownFileType = sourcecode.c.h; name = PrefixHeader.pch; path = ../PrefixHeader.pch; sourceTree = "<group>"; };
		1829FC1F1D260D610007A6F7 /* R.generated.swift */ = {isa = PBXFileReference; fileEncoding = 4; lastKnownFileType = sourcecode.swift; name = R.generated.swift; path = ../R.generated.swift; sourceTree = "<group>"; };
		1829FC211D260D610007A6F7 /* SLCButton.swift */ = {isa = PBXFileReference; fileEncoding = 4; lastKnownFileType = sourcecode.swift; path = SLCButton.swift; sourceTree = "<group>"; };
		1829FC221D260D610007A6F7 /* UIButton+Category.swift */ = {isa = PBXFileReference; fileEncoding = 4; lastKnownFileType = sourcecode.swift; path = "UIButton+Category.swift"; sourceTree = "<group>"; };
		1829FC231D260D610007A6F7 /* UIView+AutoLayout.swift */ = {isa = PBXFileReference; fileEncoding = 4; lastKnownFileType = sourcecode.swift; path = "UIView+AutoLayout.swift"; sourceTree = "<group>"; };
		1829FC3F1D2610F00007A6F7 /* RefreshView.xib */ = {isa = PBXFileReference; fileEncoding = 4; lastKnownFileType = file.xib; name = RefreshView.xib; path = ../RefreshView.xib; sourceTree = "<group>"; };
		1829FC401D2610F00007A6F7 /* RefreshView.swift */ = {isa = PBXFileReference; fileEncoding = 4; lastKnownFileType = sourcecode.swift; name = RefreshView.swift; path = ../RefreshView.swift; sourceTree = "<group>"; };
		4E16A1449AD18A7A682AE156 /* Pods_SLCDOOR.framework */ = {isa = PBXFileReference; explicitFileType = wrapper.framework; includeInIndex = 0; path = Pods_SLCDOOR.framework; sourceTree = BUILT_PRODUCTS_DIR; };
		C0C89DF1D8B1302FCDA56250 /* Pods-SLCDOOR.release.xcconfig */ = {isa = PBXFileReference; includeInIndex = 1; lastKnownFileType = text.xcconfig; name = "Pods-SLCDOOR.release.xcconfig"; path = "Pods/Target Support Files/Pods-SLCDOOR/Pods-SLCDOOR.release.xcconfig"; sourceTree = "<group>"; };
		F0CD253157D512EBA61FB8D1 /* Pods-SLCDOOR.debug.xcconfig */ = {isa = PBXFileReference; includeInIndex = 1; lastKnownFileType = text.xcconfig; name = "Pods-SLCDOOR.debug.xcconfig"; path = "Pods/Target Support Files/Pods-SLCDOOR/Pods-SLCDOOR.debug.xcconfig"; sourceTree = "<group>"; };
/* End PBXFileReference section */

/* Begin PBXFrameworksBuildPhase section */
		1829FBC31D260CCA0007A6F7 /* Frameworks */ = {
			isa = PBXFrameworksBuildPhase;
			buildActionMask = 2147483647;
			files = (
				18456FA3AF38F1B78B4814AD /* Pods_SLCDOOR.framework in Frameworks */,
			);
			runOnlyForDeploymentPostprocessing = 0;
		};
		1829FBD71D260CCA0007A6F7 /* Frameworks */ = {
			isa = PBXFrameworksBuildPhase;
			buildActionMask = 2147483647;
			files = (
			);
			runOnlyForDeploymentPostprocessing = 0;
		};
		1829FBE21D260CCA0007A6F7 /* Frameworks */ = {
			isa = PBXFrameworksBuildPhase;
			buildActionMask = 2147483647;
			files = (
			);
			runOnlyForDeploymentPostprocessing = 0;
		};
/* End PBXFrameworksBuildPhase section */

/* Begin PBXGroup section */
		1829FBBD1D260CCA0007A6F7 = {
			isa = PBXGroup;
			children = (
				1829FBC81D260CCA0007A6F7 /* SLCDOOR */,
				1829FBDD1D260CCA0007A6F7 /* SLCDOORTests */,
				1829FBE81D260CCA0007A6F7 /* SLCDOORUITests */,
				1829FBC71D260CCA0007A6F7 /* Products */,
				E45AE9108B8F8E2081A3F9D2 /* Pods */,
				4F2154FAE742541A673EE879 /* Frameworks */,
			);
			sourceTree = "<group>";
		};
		1829FBC71D260CCA0007A6F7 /* Products */ = {
			isa = PBXGroup;
			children = (
				1829FBC61D260CCA0007A6F7 /* SLCDOOR.app */,
				1829FBDA1D260CCA0007A6F7 /* SLCDOORTests.xctest */,
				1829FBE51D260CCA0007A6F7 /* SLCDOORUITests.xctest */,
			);
			name = Products;
			sourceTree = "<group>";
		};
		1829FBC81D260CCA0007A6F7 /* SLCDOOR */ = {
			isa = PBXGroup;
			children = (
				1829FBF71D260D610007A6F7 /* Classes */,
				1829FBD51D260CCA0007A6F7 /* Info.plist */,
			);
			path = SLCDOOR;
			sourceTree = "<group>";
		};
		1829FBDD1D260CCA0007A6F7 /* SLCDOORTests */ = {
			isa = PBXGroup;
			children = (
				1829FBD01D260CCA0007A6F7 /* Assets.xcassets */,
				1829FBDE1D260CCA0007A6F7 /* SLCDOORTests.swift */,
				1829FBE01D260CCA0007A6F7 /* Info.plist */,
			);
			path = SLCDOORTests;
			sourceTree = "<group>";
		};
		1829FBE81D260CCA0007A6F7 /* SLCDOORUITests */ = {
			isa = PBXGroup;
			children = (
				1829FBE91D260CCA0007A6F7 /* SLCDOORUITests.swift */,
				1829FBEB1D260CCA0007A6F7 /* Info.plist */,
			);
			path = SLCDOORUITests;
			sourceTree = "<group>";
		};
		1829FBF71D260D610007A6F7 /* Classes */ = {
			isa = PBXGroup;
			children = (
				1829FBF81D260D610007A6F7 /* Controller */,
				1829FC161D260D610007A6F7 /* Others */,
			);
			path = Classes;
			sourceTree = "<group>";
		};
		1829FBF81D260D610007A6F7 /* Controller */ = {
			isa = PBXGroup;
			children = (
				1829FBF91D260D610007A6F7 /* Bluetooth */,
				1829FBFF1D260D610007A6F7 /* First */,
				1829FC011D260D610007A6F7 /* History */,
				1829FC031D260D610007A6F7 /* Home */,
				1829FC061D260D610007A6F7 /* KeyManager */,
				1829FC091D260D610007A6F7 /* Second */,
				1829FC0B1D260D610007A6F7 /* Set */,
			);
			path = Controller;
			sourceTree = "<group>";
		};
		1829FBF91D260D610007A6F7 /* Bluetooth */ = {
			isa = PBXGroup;
			children = (
				1829FBFA1D260D610007A6F7 /* Controller */,
				1829FBFC1D260D610007A6F7 /* Model */,
				1829FBFE1D260D610007A6F7 /* View */,
			);
			path = Bluetooth;
			sourceTree = "<group>";
		};
		1829FBFA1D260D610007A6F7 /* Controller */ = {
			isa = PBXGroup;
			children = (
				1829FBFB1D260D610007A6F7 /* SLCBluetoothViewController.swift */,
			);
			path = Controller;
			sourceTree = "<group>";
		};
		1829FBFC1D260D610007A6F7 /* Model */ = {
			isa = PBXGroup;
			children = (
				1829FBFD1D260D610007A6F7 /* SLCKeys.swift */,
			);
			path = Model;
			sourceTree = "<group>";
		};
		1829FBFE1D260D610007A6F7 /* View */ = {
			isa = PBXGroup;
			children = (
			);
			path = View;
			sourceTree = "<group>";
		};
		1829FBFF1D260D610007A6F7 /* First */ = {
			isa = PBXGroup;
			children = (
				1829FC001D260D610007A6F7 /* SLCFirstViewController.swift */,
			);
			path = First;
			sourceTree = "<group>";
		};
		1829FC011D260D610007A6F7 /* History */ = {
			isa = PBXGroup;
			children = (
				1829FC021D260D610007A6F7 /* SLCHistoryViewController.swift */,
			);
			path = History;
			sourceTree = "<group>";
		};
		1829FC031D260D610007A6F7 /* Home */ = {
			isa = PBXGroup;
			children = (
				1829FC041D260D610007A6F7 /* SLCHomeViewController.swift */,
				1829FC051D260D610007A6F7 /* SLCQRViewController.swift */,
			);
			path = Home;
			sourceTree = "<group>";
		};
		1829FC061D260D610007A6F7 /* KeyManager */ = {
			isa = PBXGroup;
			children = (
				1829FC071D260D610007A6F7 /* SLCKeyBoardViewController.swift */,
				1829FC081D260D610007A6F7 /* SLCKeyManagerViewController.swift */,
			);
			path = KeyManager;
			sourceTree = "<group>";
		};
		1829FC091D260D610007A6F7 /* Second */ = {
			isa = PBXGroup;
			children = (
				1829FC0A1D260D610007A6F7 /* SLCSecondViewController.swift */,
			);
			path = Second;
			sourceTree = "<group>";
		};
		1829FC0B1D260D610007A6F7 /* Set */ = {
			isa = PBXGroup;
			children = (
				1829FC0C1D260D610007A6F7 /* Controller */,
				1829FC0F1D260D610007A6F7 /* View */,
			);
			path = Set;
			sourceTree = "<group>";
		};
		1829FC0C1D260D610007A6F7 /* Controller */ = {
			isa = PBXGroup;
			children = (
				1829FC0D1D260D610007A6F7 /* SLCBaseViewController.swift */,
				1829FC0E1D260D610007A6F7 /* SLCSetViewController.swift */,
			);
			path = Controller;
			sourceTree = "<group>";
		};
		1829FC0F1D260D610007A6F7 /* View */ = {
			isa = PBXGroup;
			children = (
				1829FC101D260D610007A6F7 /* SLCSettingArrowItem.swift */,
				1829FC111D260D610007A6F7 /* SLCSettingCell.swift */,
				1829FC121D260D610007A6F7 /* SLCSettingGroup.swift */,
				1829FC131D260D610007A6F7 /* SLCSettingItem.swift */,
				1829FC141D260D610007A6F7 /* SLCSettingLabelItem.swift */,
				1829FC151D260D610007A6F7 /* SLCSettingSwitchItem.swift */,
			);
			path = View;
			sourceTree = "<group>";
		};
		1829FC161D260D610007A6F7 /* Others */ = {
			isa = PBXGroup;
			children = (
				1829FC171D260D610007A6F7 /* AppDelegate.swift */,
				1829FC191D260D610007A6F7 /* Common.swift */,
				1829FC1A1D260D610007A6F7 /* Controller */,
				1829FC201D260D610007A6F7 /* View */,
			);
			path = Others;
			sourceTree = "<group>";
		};
		1829FC1A1D260D610007A6F7 /* Controller */ = {
			isa = PBXGroup;
			children = (
				1829FC1B1D260D610007A6F7 /* SLCNavigationController.swift */,
				1829FC1C1D260D610007A6F7 /* SLCPassWordViewController.swift */,
				1829FC1D1D260D610007A6F7 /* SLCPassWordViewController.xib */,
			);
			path = Controller;
			sourceTree = "<group>";
		};
		1829FC201D260D610007A6F7 /* View */ = {
			isa = PBXGroup;
			children = (
				1829FC1E1D260D610007A6F7 /* PrefixHeader.pch */,
				1829FC1F1D260D610007A6F7 /* R.generated.swift */,
				1829FC181D260D610007A6F7 /* BluetoothManager.swift */,
				1829FC3F1D2610F00007A6F7 /* RefreshView.xib */,
				1829FC401D2610F00007A6F7 /* RefreshView.swift */,
				1829FC211D260D610007A6F7 /* SLCButton.swift */,
				1829FC221D260D610007A6F7 /* UIButton+Category.swift */,
				1829FC231D260D610007A6F7 /* UIView+AutoLayout.swift */,
			);
			path = View;
			sourceTree = "<group>";
		};
		4F2154FAE742541A673EE879 /* Frameworks */ = {
			isa = PBXGroup;
			children = (
				4E16A1449AD18A7A682AE156 /* Pods_SLCDOOR.framework */,
			);
			name = Frameworks;
			sourceTree = "<group>";
		};
		E45AE9108B8F8E2081A3F9D2 /* Pods */ = {
			isa = PBXGroup;
			children = (
				F0CD253157D512EBA61FB8D1 /* Pods-SLCDOOR.debug.xcconfig */,
				C0C89DF1D8B1302FCDA56250 /* Pods-SLCDOOR.release.xcconfig */,
			);
			name = Pods;
			sourceTree = "<group>";
		};
/* End PBXGroup section */

/* Begin PBXNativeTarget section */
		1829FBC51D260CCA0007A6F7 /* SLCDOOR */ = {
			isa = PBXNativeTarget;
			buildConfigurationList = 1829FBEE1D260CCA0007A6F7 /* Build configuration list for PBXNativeTarget "SLCDOOR" */;
			buildPhases = (
				408B161A84C26186B70579F4 /* [CP] Check Pods Manifest.lock */,
				1829FBC21D260CCA0007A6F7 /* Sources */,
				1829FBC31D260CCA0007A6F7 /* Frameworks */,
				1829FBC41D260CCA0007A6F7 /* Resources */,
				30253FEF8A91D1D7C1BDE415 /* [CP] Embed Pods Frameworks */,
				EF3CFCBAB33067BDA41EB288 /* [CP] Copy Pods Resources */,
			);
			buildRules = (
			);
			dependencies = (
			);
			name = SLCDOOR;
			productName = SLCDOOR;
			productReference = 1829FBC61D260CCA0007A6F7 /* SLCDOOR.app */;
			productType = "com.apple.product-type.application";
		};
		1829FBD91D260CCA0007A6F7 /* SLCDOORTests */ = {
			isa = PBXNativeTarget;
			buildConfigurationList = 1829FBF11D260CCA0007A6F7 /* Build configuration list for PBXNativeTarget "SLCDOORTests" */;
			buildPhases = (
				1829FBD61D260CCA0007A6F7 /* Sources */,
				1829FBD71D260CCA0007A6F7 /* Frameworks */,
				1829FBD81D260CCA0007A6F7 /* Resources */,
			);
			buildRules = (
			);
			dependencies = (
				1829FBDC1D260CCA0007A6F7 /* PBXTargetDependency */,
			);
			name = SLCDOORTests;
			productName = SLCDOORTests;
			productReference = 1829FBDA1D260CCA0007A6F7 /* SLCDOORTests.xctest */;
			productType = "com.apple.product-type.bundle.unit-test";
		};
		1829FBE41D260CCA0007A6F7 /* SLCDOORUITests */ = {
			isa = PBXNativeTarget;
			buildConfigurationList = 1829FBF41D260CCA0007A6F7 /* Build configuration list for PBXNativeTarget "SLCDOORUITests" */;
			buildPhases = (
				1829FBE11D260CCA0007A6F7 /* Sources */,
				1829FBE21D260CCA0007A6F7 /* Frameworks */,
				1829FBE31D260CCA0007A6F7 /* Resources */,
			);
			buildRules = (
			);
			dependencies = (
				1829FBE71D260CCA0007A6F7 /* PBXTargetDependency */,
			);
			name = SLCDOORUITests;
			productName = SLCDOORUITests;
			productReference = 1829FBE51D260CCA0007A6F7 /* SLCDOORUITests.xctest */;
			productType = "com.apple.product-type.bundle.ui-testing";
		};
/* End PBXNativeTarget section */

/* Begin PBXProject section */
		1829FBBE1D260CCA0007A6F7 /* Project object */ = {
			isa = PBXProject;
			attributes = {
				LastSwiftUpdateCheck = 0730;
				LastUpgradeCheck = 0730;
				ORGANIZATIONNAME = WangLei;
				TargetAttributes = {
					1829FBC51D260CCA0007A6F7 = {
						CreatedOnToolsVersion = 7.3.1;
					};
					1829FBD91D260CCA0007A6F7 = {
						CreatedOnToolsVersion = 7.3.1;
						TestTargetID = 1829FBC51D260CCA0007A6F7;
					};
					1829FBE41D260CCA0007A6F7 = {
						CreatedOnToolsVersion = 7.3.1;
						TestTargetID = 1829FBC51D260CCA0007A6F7;
					};
				};
			};
			buildConfigurationList = 1829FBC11D260CCA0007A6F7 /* Build configuration list for PBXProject "SLCDOOR" */;
			compatibilityVersion = "Xcode 3.2";
			developmentRegion = English;
			hasScannedForEncodings = 0;
			knownRegions = (
				en,
				Base,
			);
			mainGroup = 1829FBBD1D260CCA0007A6F7;
			productRefGroup = 1829FBC71D260CCA0007A6F7 /* Products */;
			projectDirPath = "";
			projectRoot = "";
			targets = (
				1829FBC51D260CCA0007A6F7 /* SLCDOOR */,
				1829FBD91D260CCA0007A6F7 /* SLCDOORTests */,
				1829FBE41D260CCA0007A6F7 /* SLCDOORUITests */,
			);
		};
/* End PBXProject section */

/* Begin PBXResourcesBuildPhase section */
		1829FBC41D260CCA0007A6F7 /* Resources */ = {
			isa = PBXResourcesBuildPhase;
			buildActionMask = 2147483647;
			files = (
				1829FC411D2610F00007A6F7 /* RefreshView.xib in Resources */,
				1829FC3A1D260D610007A6F7 /* SLCPassWordViewController.xib in Resources */,
				1829FBD11D260CCA0007A6F7 /* Assets.xcassets in Resources */,
			);
			runOnlyForDeploymentPostprocessing = 0;
		};
		1829FBD81D260CCA0007A6F7 /* Resources */ = {
			isa = PBXResourcesBuildPhase;
			buildActionMask = 2147483647;
			files = (
			);
			runOnlyForDeploymentPostprocessing = 0;
		};
		1829FBE31D260CCA0007A6F7 /* Resources */ = {
			isa = PBXResourcesBuildPhase;
			buildActionMask = 2147483647;
			files = (
			);
			runOnlyForDeploymentPostprocessing = 0;
		};
/* End PBXResourcesBuildPhase section */

/* Begin PBXShellScriptBuildPhase section */
		30253FEF8A91D1D7C1BDE415 /* [CP] Embed Pods Frameworks */ = {
			isa = PBXShellScriptBuildPhase;
			buildActionMask = 2147483647;
			files = (
			);
			inputPaths = (
			);
			name = "[CP] Embed Pods Frameworks";
			outputPaths = (
			);
			runOnlyForDeploymentPostprocessing = 0;
			shellPath = /bin/sh;
			shellScript = "\"${SRCROOT}/Pods/Target Support Files/Pods-SLCDOOR/Pods-SLCDOOR-frameworks.sh\"\n";
			showEnvVarsInLog = 0;
		};
		408B161A84C26186B70579F4 /* [CP] Check Pods Manifest.lock */ = {
			isa = PBXShellScriptBuildPhase;
			buildActionMask = 2147483647;
			files = (
			);
			inputPaths = (
			);
			name = "[CP] Check Pods Manifest.lock";
			outputPaths = (
			);
			runOnlyForDeploymentPostprocessing = 0;
			shellPath = /bin/sh;
			shellScript = "diff \"${PODS_ROOT}/../Podfile.lock\" \"${PODS_ROOT}/Manifest.lock\" > /dev/null\nif [[ $? != 0 ]] ; then\n    cat << EOM\nerror: The sandbox is not in sync with the Podfile.lock. Run 'pod install' or update your CocoaPods installation.\nEOM\n    exit 1\nfi\n";
			showEnvVarsInLog = 0;
		};
		EF3CFCBAB33067BDA41EB288 /* [CP] Copy Pods Resources */ = {
			isa = PBXShellScriptBuildPhase;
			buildActionMask = 2147483647;
			files = (
			);
			inputPaths = (
			);
			name = "[CP] Copy Pods Resources";
			outputPaths = (
			);
			runOnlyForDeploymentPostprocessing = 0;
			shellPath = /bin/sh;
			shellScript = "\"${SRCROOT}/Pods/Target Support Files/Pods-SLCDOOR/Pods-SLCDOOR-resources.sh\"\n";
			showEnvVarsInLog = 0;
		};
/* End PBXShellScriptBuildPhase section */

/* Begin PBXSourcesBuildPhase section */
		1829FBC21D260CCA0007A6F7 /* Sources */ = {
			isa = PBXSourcesBuildPhase;
			buildActionMask = 2147483647;
			files = (
				1829FC3C1D260D610007A6F7 /* SLCButton.swift in Sources */,
				1829FC321D260D610007A6F7 /* SLCSettingItem.swift in Sources */,
				1829FC271D260D610007A6F7 /* SLCHistoryViewController.swift in Sources */,
				1829FC251D260D610007A6F7 /* SLCKeys.swift in Sources */,
				1829FC361D260D610007A6F7 /* BluetoothManager.swift in Sources */,
				1829FC331D260D610007A6F7 /* SLCSettingLabelItem.swift in Sources */,
				1829FC291D260D610007A6F7 /* SLCQRViewController.swift in Sources */,
				1829FC3E1D260D610007A6F7 /* UIView+AutoLayout.swift in Sources */,
				1829FC391D260D610007A6F7 /* SLCPassWordViewController.swift in Sources */,
				1829FC2C1D260D610007A6F7 /* SLCSecondViewController.swift in Sources */,
				1829FC2B1D260D610007A6F7 /* SLCKeyManagerViewController.swift in Sources */,
				1829FC371D260D610007A6F7 /* Common.swift in Sources */,
				1829FC2E1D260D610007A6F7 /* SLCSetViewController.swift in Sources */,
				1829FC2F1D260D610007A6F7 /* SLCSettingArrowItem.swift in Sources */,
				1829FC3B1D260D610007A6F7 /* R.generated.swift in Sources */,
				1829FC241D260D610007A6F7 /* SLCBluetoothViewController.swift in Sources */,
				1829FC2A1D260D610007A6F7 /* SLCKeyBoardViewController.swift in Sources */,
				1829FC311D260D610007A6F7 /* SLCSettingGroup.swift in Sources */,
				1829FC351D260D610007A6F7 /* AppDelegate.swift in Sources */,
				1829FC341D260D610007A6F7 /* SLCSettingSwitchItem.swift in Sources */,
				1829FC381D260D610007A6F7 /* SLCNavigationController.swift in Sources */,
				1829FC301D260D610007A6F7 /* SLCSettingCell.swift in Sources */,
				1829FC3D1D260D610007A6F7 /* UIButton+Category.swift in Sources */,
				1829FC261D260D610007A6F7 /* SLCFirstViewController.swift in Sources */,
				1829FC421D2610F00007A6F7 /* RefreshView.swift in Sources */,
				1829FC2D1D260D610007A6F7 /* SLCBaseViewController.swift in Sources */,
				1829FC281D260D610007A6F7 /* SLCHomeViewController.swift in Sources */,
			);
			runOnlyForDeploymentPostprocessing = 0;
		};
		1829FBD61D260CCA0007A6F7 /* Sources */ = {
			isa = PBXSourcesBuildPhase;
			buildActionMask = 2147483647;
			files = (
				1829FBDF1D260CCA0007A6F7 /* SLCDOORTests.swift in Sources */,
			);
			runOnlyForDeploymentPostprocessing = 0;
		};
		1829FBE11D260CCA0007A6F7 /* Sources */ = {
			isa = PBXSourcesBuildPhase;
			buildActionMask = 2147483647;
			files = (
				1829FBEA1D260CCA0007A6F7 /* SLCDOORUITests.swift in Sources */,
			);
			runOnlyForDeploymentPostprocessing = 0;
		};
/* End PBXSourcesBuildPhase section */

/* Begin PBXTargetDependency section */
		1829FBDC1D260CCA0007A6F7 /* PBXTargetDependency */ = {
			isa = PBXTargetDependency;
			target = 1829FBC51D260CCA0007A6F7 /* SLCDOOR */;
			targetProxy = 1829FBDB1D260CCA0007A6F7 /* PBXContainerItemProxy */;
		};
		1829FBE71D260CCA0007A6F7 /* PBXTargetDependency */ = {
			isa = PBXTargetDependency;
			target = 1829FBC51D260CCA0007A6F7 /* SLCDOOR */;
			targetProxy = 1829FBE61D260CCA0007A6F7 /* PBXContainerItemProxy */;
		};
/* End PBXTargetDependency section */

/* Begin XCBuildConfiguration section */
		1829FBEC1D260CCA0007A6F7 /* Debug */ = {
			isa = XCBuildConfiguration;
			buildSettings = {
				ALWAYS_SEARCH_USER_PATHS = NO;
				CLANG_ANALYZER_NONNULL = YES;
				CLANG_CXX_LANGUAGE_STANDARD = "gnu++0x";
				CLANG_CXX_LIBRARY = "libc++";
				CLANG_ENABLE_MODULES = YES;
				CLANG_ENABLE_OBJC_ARC = YES;
				CLANG_WARN_BOOL_CONVERSION = YES;
				CLANG_WARN_CONSTANT_CONVERSION = YES;
				CLANG_WARN_DIRECT_OBJC_ISA_USAGE = YES_ERROR;
				CLANG_WARN_EMPTY_BODY = YES;
				CLANG_WARN_ENUM_CONVERSION = YES;
				CLANG_WARN_INT_CONVERSION = YES;
				CLANG_WARN_OBJC_ROOT_CLASS = YES_ERROR;
				CLANG_WARN_UNREACHABLE_CODE = YES;
				CLANG_WARN__DUPLICATE_METHOD_MATCH = YES;
				"CODE_SIGN_IDENTITY[sdk=iphoneos*]" = "iPhone Developer";
				COPY_PHASE_STRIP = NO;
				DEBUG_INFORMATION_FORMAT = dwarf;
				ENABLE_STRICT_OBJC_MSGSEND = YES;
				ENABLE_TESTABILITY = YES;
				GCC_C_LANGUAGE_STANDARD = gnu99;
				GCC_DYNAMIC_NO_PIC = NO;
				GCC_NO_COMMON_BLOCKS = YES;
				GCC_OPTIMIZATION_LEVEL = 0;
				GCC_PREPROCESSOR_DEFINITIONS = (
					"DEBUG=1",
					"$(inherited)",
				);
				GCC_WARN_64_TO_32_BIT_CONVERSION = YES;
				GCC_WARN_ABOUT_RETURN_TYPE = YES_ERROR;
				GCC_WARN_UNDECLARED_SELECTOR = YES;
				GCC_WARN_UNINITIALIZED_AUTOS = YES_AGGRESSIVE;
				GCC_WARN_UNUSED_FUNCTION = YES;
				GCC_WARN_UNUSED_VARIABLE = YES;
				IPHONEOS_DEPLOYMENT_TARGET = 9.3;
				MTL_ENABLE_DEBUG_INFO = YES;
				ONLY_ACTIVE_ARCH = YES;
				SDKROOT = iphoneos;
				SWIFT_OPTIMIZATION_LEVEL = "-Onone";
			};
			name = Debug;
		};
		1829FBED1D260CCA0007A6F7 /* Release */ = {
			isa = XCBuildConfiguration;
			buildSettings = {
				ALWAYS_SEARCH_USER_PATHS = NO;
				CLANG_ANALYZER_NONNULL = YES;
				CLANG_CXX_LANGUAGE_STANDARD = "gnu++0x";
				CLANG_CXX_LIBRARY = "libc++";
				CLANG_ENABLE_MODULES = YES;
				CLANG_ENABLE_OBJC_ARC = YES;
				CLANG_WARN_BOOL_CONVERSION = YES;
				CLANG_WARN_CONSTANT_CONVERSION = YES;
				CLANG_WARN_DIRECT_OBJC_ISA_USAGE = YES_ERROR;
				CLANG_WARN_EMPTY_BODY = YES;
				CLANG_WARN_ENUM_CONVERSION = YES;
				CLANG_WARN_INT_CONVERSION = YES;
				CLANG_WARN_OBJC_ROOT_CLASS = YES_ERROR;
				CLANG_WARN_UNREACHABLE_CODE = YES;
				CLANG_WARN__DUPLICATE_METHOD_MATCH = YES;
				"CODE_SIGN_IDENTITY[sdk=iphoneos*]" = "iPhone Developer";
				COPY_PHASE_STRIP = NO;
				DEBUG_INFORMATION_FORMAT = "dwarf-with-dsym";
				ENABLE_NS_ASSERTIONS = NO;
				ENABLE_STRICT_OBJC_MSGSEND = YES;
				GCC_C_LANGUAGE_STANDARD = gnu99;
				GCC_NO_COMMON_BLOCKS = YES;
				GCC_WARN_64_TO_32_BIT_CONVERSION = YES;
				GCC_WARN_ABOUT_RETURN_TYPE = YES_ERROR;
				GCC_WARN_UNDECLARED_SELECTOR = YES;
				GCC_WARN_UNINITIALIZED_AUTOS = YES_AGGRESSIVE;
				GCC_WARN_UNUSED_FUNCTION = YES;
				GCC_WARN_UNUSED_VARIABLE = YES;
				IPHONEOS_DEPLOYMENT_TARGET = 9.3;
				MTL_ENABLE_DEBUG_INFO = NO;
				SDKROOT = iphoneos;
				VALIDATE_PRODUCT = YES;
			};
			name = Release;
		};
		1829FBEF1D260CCA0007A6F7 /* Debug */ = {
			isa = XCBuildConfiguration;
			baseConfigurationReference = F0CD253157D512EBA61FB8D1 /* Pods-SLCDOOR.debug.xcconfig */;
			buildSettings = {
				ASSETCATALOG_COMPILER_APPICON_NAME = AppIcon;
				ASSETCATALOG_COMPILER_LAUNCHIMAGE_NAME = LaunchImage;
				INFOPLIST_FILE = SLCDOOR/Info.plist;
				LD_RUNPATH_SEARCH_PATHS = "$(inherited) @executable_path/Frameworks";
				OTHER_SWIFT_FLAGS = "$(inherited) \"-D\" \"COCOAPODS\" -D DEBUG";
				PRODUCT_BUNDLE_IDENTIFIER = com.huatune.SLCDOOR;
				PRODUCT_NAME = "$(TARGET_NAME)";
			};
			name = Debug;
		};
		1829FBF01D260CCA0007A6F7 /* Release */ = {
			isa = XCBuildConfiguration;
			baseConfigurationReference = C0C89DF1D8B1302FCDA56250 /* Pods-SLCDOOR.release.xcconfig */;
			buildSettings = {
				ASSETCATALOG_COMPILER_APPICON_NAME = AppIcon;
				ASSETCATALOG_COMPILER_LAUNCHIMAGE_NAME = LaunchImage;
				INFOPLIST_FILE = SLCDOOR/Info.plist;
				LD_RUNPATH_SEARCH_PATHS = "$(inherited) @executable_path/Frameworks";
				PRODUCT_BUNDLE_IDENTIFIER = com.huatune.SLCDOOR;
				PRODUCT_NAME = "$(TARGET_NAME)";
			};
			name = Release;
		};
		1829FBF21D260CCA0007A6F7 /* Debug */ = {
			isa = XCBuildConfiguration;
			buildSettings = {
				BUNDLE_LOADER = "$(TEST_HOST)";
				INFOPLIST_FILE = SLCDOORTests/Info.plist;
				LD_RUNPATH_SEARCH_PATHS = "$(inherited) @executable_path/Frameworks @loader_path/Frameworks";
				PRODUCT_BUNDLE_IDENTIFIER = com.huatune.SLCDOORTests;
				PRODUCT_NAME = "$(TARGET_NAME)";
				TEST_HOST = "$(BUILT_PRODUCTS_DIR)/SLCDOOR.app/SLCDOOR";
			};
			name = Debug;
		};
		1829FBF31D260CCA0007A6F7 /* Release */ = {
			isa = XCBuildConfiguration;
			buildSettings = {
				BUNDLE_LOADER = "$(TEST_HOST)";
				INFOPLIST_FILE = SLCDOORTests/Info.plist;
				LD_RUNPATH_SEARCH_PATHS = "$(inherited) @executable_path/Frameworks @loader_path/Frameworks";
				PRODUCT_BUNDLE_IDENTIFIER = com.huatune.SLCDOORTests;
				PRODUCT_NAME = "$(TARGET_NAME)";
				TEST_HOST = "$(BUILT_PRODUCTS_DIR)/SLCDOOR.app/SLCDOOR";
			};
			name = Release;
		};
		1829FBF51D260CCA0007A6F7 /* Debug */ = {
			isa = XCBuildConfiguration;
			buildSettings = {
				INFOPLIST_FILE = SLCDOORUITests/Info.plist;
				LD_RUNPATH_SEARCH_PATHS = "$(inherited) @executable_path/Frameworks @loader_path/Frameworks";
				PRODUCT_BUNDLE_IDENTIFIER = com.huatune.SLCDOORUITests;
				PRODUCT_NAME = "$(TARGET_NAME)";
				TEST_TARGET_NAME = SLCDOOR;
			};
			name = Debug;
		};
		1829FBF61D260CCA0007A6F7 /* Release */ = {
			isa = XCBuildConfiguration;
			buildSettings = {
				INFOPLIST_FILE = SLCDOORUITests/Info.plist;
				LD_RUNPATH_SEARCH_PATHS = "$(inherited) @executable_path/Frameworks @loader_path/Frameworks";
				PRODUCT_BUNDLE_IDENTIFIER = com.huatune.SLCDOORUITests;
				PRODUCT_NAME = "$(TARGET_NAME)";
				TEST_TARGET_NAME = SLCDOOR;
			};
			name = Release;
		};
/* End XCBuildConfiguration section */

/* Begin XCConfigurationList section */
		1829FBC11D260CCA0007A6F7 /* Build configuration list for PBXProject "SLCDOOR" */ = {
			isa = XCConfigurationList;
			buildConfigurations = (
				1829FBEC1D260CCA0007A6F7 /* Debug */,
				1829FBED1D260CCA0007A6F7 /* Release */,
			);
			defaultConfigurationIsVisible = 0;
			defaultConfigurationName = Release;
		};
		1829FBEE1D260CCA0007A6F7 /* Build configuration list for PBXNativeTarget "SLCDOOR" */ = {
			isa = XCConfigurationList;
			buildConfigurations = (
				1829FBEF1D260CCA0007A6F7 /* Debug */,
				1829FBF01D260CCA0007A6F7 /* Release */,
			);
			defaultConfigurationIsVisible = 0;
			defaultConfigurationName = Release;
		};
		1829FBF11D260CCA0007A6F7 /* Build configuration list for PBXNativeTarget "SLCDOORTests" */ = {
			isa = XCConfigurationList;
			buildConfigurations = (
				1829FBF21D260CCA0007A6F7 /* Debug */,
				1829FBF31D260CCA0007A6F7 /* Release */,
			);
			defaultConfigurationIsVisible = 0;
			defaultConfigurationName = Release;
		};
		1829FBF41D260CCA0007A6F7 /* Build configuration list for PBXNativeTarget "SLCDOORUITests" */ = {
			isa = XCConfigurationList;
			buildConfigurations = (
				1829FBF51D260CCA0007A6F7 /* Debug */,
				1829FBF61D260CCA0007A6F7 /* Release */,
			);
			defaultConfigurationIsVisible = 0;
			defaultConfigurationName = Release;
		};
/* End XCConfigurationList section */
	};
	rootObject = 1829FBBE1D260CCA0007A6F7 /* Project object */;
}
